
Microsoft Visual Studio Solution File, Format Version 12.00
# Visual Studio Version 17
VisualStudioVersion = 17.13.35806.99 d17.13
MinimumVisualStudioVersion = 10.0.40219.1
Project("{FAE04EC0-301F-11D3-BF4B-00C04F79EFBC}") = "TP_Modul_4_103022300094", "TP_Modul_4_103022300094\TP_Modul_4_103022300094.csproj", "{37B8C5F3-6E50-43DB-967C-BA911E9ED464}"
EndProject
Global
	GlobalSection(SolutionConfigurationPlatforms) = preSolution
		Debug|Any CPU = Debug|Any CPU
		Release|Any CPU = Release|Any CPU
	EndGlobalSection
	GlobalSection(ProjectConfigurationPlatforms) = postSolution
		{37B8C5F3-6E50-43DB-967C-BA911E9ED464}.Debug|Any CPU.ActiveCfg = Debug|Any CPU
		{37B8C5F3-6E50-43DB-967C-BA911E9ED464}.Debug|Any CPU.Build.0 = Debug|Any CPU
		{37B8C5F3-6E50-43DB-967C-BA911E9ED464}.Release|Any CPU.ActiveCfg = Release|Any CPU
		{37B8C5F3-6E50-43DB-967C-BA911E9ED464}.Release|Any CPU.Build.0 = Release|Any CPU
	EndGlobalSection
	GlobalSection(SolutionProperties) = preSolution
		HideSolutionNode = FALSE
	EndGlobalSection
	GlobalSection(ExtensibilityGlobals) = postSolution
		SolutionGuid = {987B46E5-3FCC-44AD-BC6E-173649DADBCA}
	EndGlobalSection
EndGlobal
